// !$*UTF8*$!
{
	archiveVersion = 1;
	classes = {
	};
	objectVersion = 46;
	objects = {

/* Begin PBXBuildFile section */
		34633F5ACC4485EDD34AC31D /* libPods-NLMCTests.a in Frameworks */ = {isa = PBXBuildFile; fileRef = B3AB85C48CA46A81E2EE9666 /* libPods-NLMCTests.a */; };
		B7725B4B8F68314C33112ACD /* libPods-NLMC.a in Frameworks */ = {isa = PBXBuildFile; fileRef = 69623F58BC2F08F44FD3115D /* libPods-NLMC.a */; };
		DE0432911A35023600F09F4C /* AppDelegate.m in Sources */ = {isa = PBXBuildFile; fileRef = DE0432901A35023600F09F4C /* AppDelegate.m */; };
		DE0432931A35023600F09F4C /* main.m in Sources */ = {isa = PBXBuildFile; fileRef = DE0432921A35023600F09F4C /* main.m */; };
		DE0432961A35023600F09F4C /* CWMainViewController.m in Sources */ = {isa = PBXBuildFile; fileRef = DE0432951A35023600F09F4C /* CWMainViewController.m */; };
		DE0432991A35023600F09F4C /* NLMC.xcdatamodeld in Sources */ = {isa = PBXBuildFile; fileRef = DE0432971A35023600F09F4C /* NLMC.xcdatamodeld */; };
		DE04329E1A35023600F09F4C /* Main.storyboard in Resources */ = {isa = PBXBuildFile; fileRef = DE04329C1A35023600F09F4C /* Main.storyboard */; };
		DE0432B91A35026200F09F4C /* CWNLMCFunctions.m in Sources */ = {isa = PBXBuildFile; fileRef = DE0432B81A35026200F09F4C /* CWNLMCFunctions.m */; };
		DE0432BA1A35026200F09F4C /* CWNLMCFunctions.m in Sources */ = {isa = PBXBuildFile; fileRef = DE0432B81A35026200F09F4C /* CWNLMCFunctions.m */; };
		DE0432BD1A35047200F09F4C /* CWFileUtilities.m in Sources */ = {isa = PBXBuildFile; fileRef = DE0432BC1A35047200F09F4C /* CWFileUtilities.m */; };
		DE0432BE1A35047200F09F4C /* CWFileUtilities.m in Sources */ = {isa = PBXBuildFile; fileRef = DE0432BC1A35047200F09F4C /* CWFileUtilities.m */; };
		DE0432C11A35C74D00F09F4C /* NSString+CSVUtils.m in Sources */ = {isa = PBXBuildFile; fileRef = DE0432C01A35C74D00F09F4C /* NSString+CSVUtils.m */; };
		DE0432C21A35C74D00F09F4C /* NSString+CSVUtils.m in Sources */ = {isa = PBXBuildFile; fileRef = DE0432C01A35C74D00F09F4C /* NSString+CSVUtils.m */; };
		DE0432D01A39AA0700F09F4C /* CWMainWindowController.m in Sources */ = {isa = PBXBuildFile; fileRef = DE0432CF1A39AA0700F09F4C /* CWMainWindowController.m */; };
		DE0432D11A39AA0700F09F4C /* CWMainWindowController.m in Sources */ = {isa = PBXBuildFile; fileRef = DE0432CF1A39AA0700F09F4C /* CWMainWindowController.m */; };
		DE1C08E51A5ABA320091705A /* CWRoundedTextFieldCell.m in Sources */ = {isa = PBXBuildFile; fileRef = DE1C08E41A5ABA320091705A /* CWRoundedTextFieldCell.m */; };
		DE1C08E61A5ABA320091705A /* CWRoundedTextFieldCell.m in Sources */ = {isa = PBXBuildFile; fileRef = DE1C08E41A5ABA320091705A /* CWRoundedTextFieldCell.m */; };
		DE1C08EC1A5AE36A0091705A /* Images.xcassets in Resources */ = {isa = PBXBuildFile; fileRef = DE1C08EB1A5AE36A0091705A /* Images.xcassets */; };
		DE1C08ED1A5AE36A0091705A /* Images.xcassets in Resources */ = {isa = PBXBuildFile; fileRef = DE1C08EB1A5AE36A0091705A /* Images.xcassets */; };
		DE1C08FF1A5AE68D0091705A /* CWImportWindowController.m in Sources */ = {isa = PBXBuildFile; fileRef = DE1C08FD1A5AE68D0091705A /* CWImportWindowController.m */; };
		DE1C09001A5AE68D0091705A /* CWImportWindowController.m in Sources */ = {isa = PBXBuildFile; fileRef = DE1C08FD1A5AE68D0091705A /* CWImportWindowController.m */; };
		DE1C09011A5AE68D0091705A /* CWImportWindowController.xib in Resources */ = {isa = PBXBuildFile; fileRef = DE1C08FE1A5AE68D0091705A /* CWImportWindowController.xib */; };
		DE1C09021A5AE68D0091705A /* CWImportWindowController.xib in Resources */ = {isa = PBXBuildFile; fileRef = DE1C08FE1A5AE68D0091705A /* CWImportWindowController.xib */; };
		DE7B63121A4701CB00D6A0E1 /* CWNLMCEntityTest.m in Sources */ = {isa = PBXBuildFile; fileRef = DE7B63111A4701CB00D6A0E1 /* CWNLMCEntityTest.m */; };
		DE7B63151A52AC0400D6A0E1 /* CWCollectionMethodsTableViewDataSource.m in Sources */ = {isa = PBXBuildFile; fileRef = DE7B63141A52AC0400D6A0E1 /* CWCollectionMethodsTableViewDataSource.m */; };
		DE7B631C1A52C94100D6A0E1 /* CWCollectionSpecimenDataSource.m in Sources */ = {isa = PBXBuildFile; fileRef = DE7B631B1A52C94100D6A0E1 /* CWCollectionSpecimenDataSource.m */; };
		DE7B631D1A52C94100D6A0E1 /* CWCollectionSpecimenDataSource.m in Sources */ = {isa = PBXBuildFile; fileRef = DE7B631B1A52C94100D6A0E1 /* CWCollectionSpecimenDataSource.m */; };
		DEA102BD1A52F99B0057A30B /* NLMC_Live_Apr_2014_release4_0.xml in Resources */ = {isa = PBXBuildFile; fileRef = DEA102BC1A52F99B0057A30B /* NLMC_Live_Apr_2014_release4_0.xml */; };
		DEA102BE1A52F99B0057A30B /* NLMC_Live_Apr_2014_release4_0.xml in Resources */ = {isa = PBXBuildFile; fileRef = DEA102BC1A52F99B0057A30B /* NLMC_Live_Apr_2014_release4_0.xml */; };
		DEDDEF831A52FC5E00F6805D /* CWNLMCXMLParser.m in Sources */ = {isa = PBXBuildFile; fileRef = DEDDEF821A52FC5E00F6805D /* CWNLMCXMLParser.m */; };
		DEDDEF841A52FC5E00F6805D /* CWNLMCXMLParser.m in Sources */ = {isa = PBXBuildFile; fileRef = DEDDEF821A52FC5E00F6805D /* CWNLMCXMLParser.m */; };
		DEDDEF871A542CE800F6805D /* CollectionSpecimen.m in Sources */ = {isa = PBXBuildFile; fileRef = DEDDEF861A542CE800F6805D /* CollectionSpecimen.m */; };
		DEDDEF881A542CE800F6805D /* CollectionSpecimen.m in Sources */ = {isa = PBXBuildFile; fileRef = DEDDEF861A542CE800F6805D /* CollectionSpecimen.m */; };
		DEDDEF8B1A542CE800F6805D /* CollectionMethod.m in Sources */ = {isa = PBXBuildFile; fileRef = DEDDEF8A1A542CE800F6805D /* CollectionMethod.m */; };
		DEDDEF8C1A542CE800F6805D /* CollectionMethod.m in Sources */ = {isa = PBXBuildFile; fileRef = DEDDEF8A1A542CE800F6805D /* CollectionMethod.m */; };
		DEDDEF931A5442F200F6805D /* NLMCTest.m in Sources */ = {isa = PBXBuildFile; fileRef = DEDDEF921A5442F200F6805D /* NLMCTest.m */; };
		DEDDEF941A5442F200F6805D /* NLMCTest.m in Sources */ = {isa = PBXBuildFile; fileRef = DEDDEF921A5442F200F6805D /* NLMCTest.m */; };
/* End PBXBuildFile section */

/* Begin PBXContainerItemProxy section */
		DE0432A41A35023600F09F4C /* PBXContainerItemProxy */ = {
			isa = PBXContainerItemProxy;
			containerPortal = DE0432821A35023600F09F4C /* Project object */;
			proxyType = 1;
			remoteGlobalIDString = DE0432891A35023600F09F4C;
			remoteInfo = NLMC;
		};
/* End PBXContainerItemProxy section */

/* Begin PBXFileReference section */
		02A65C07B594197232ECEBE8 /* Pods-NLMC.release.xcconfig */ = {isa = PBXFileReference; includeInIndex = 1; lastKnownFileType = text.xcconfig; name = "Pods-NLMC.release.xcconfig"; path = "Pods/Target Support Files/Pods-NLMC/Pods-NLMC.release.xcconfig"; sourceTree = "<group>"; };
		5FB01A7698DA3C5E339C466A /* Pods-NLMCTests.debug.xcconfig */ = {isa = PBXFileReference; includeInIndex = 1; lastKnownFileType = text.xcconfig; name = "Pods-NLMCTests.debug.xcconfig"; path = "Pods/Target Support Files/Pods-NLMCTests/Pods-NLMCTests.debug.xcconfig"; sourceTree = "<group>"; };
		69623F58BC2F08F44FD3115D /* libPods-NLMC.a */ = {isa = PBXFileReference; explicitFileType = archive.ar; includeInIndex = 0; path = "libPods-NLMC.a"; sourceTree = BUILT_PRODUCTS_DIR; };
		8F33A653EEAFBC40F6EA7FBF /* Pods-NLMCTests.release.xcconfig */ = {isa = PBXFileReference; includeInIndex = 1; lastKnownFileType = text.xcconfig; name = "Pods-NLMCTests.release.xcconfig"; path = "Pods/Target Support Files/Pods-NLMCTests/Pods-NLMCTests.release.xcconfig"; sourceTree = "<group>"; };
		B3AB85C48CA46A81E2EE9666 /* libPods-NLMCTests.a */ = {isa = PBXFileReference; explicitFileType = archive.ar; includeInIndex = 0; path = "libPods-NLMCTests.a"; sourceTree = BUILT_PRODUCTS_DIR; };
		DE04328A1A35023600F09F4C /* NLMC.app */ = {isa = PBXFileReference; explicitFileType = wrapper.application; includeInIndex = 0; path = NLMC.app; sourceTree = BUILT_PRODUCTS_DIR; };
		DE04328E1A35023600F09F4C /* Info.plist */ = {isa = PBXFileReference; lastKnownFileType = text.plist.xml; path = Info.plist; sourceTree = "<group>"; };
		DE04328F1A35023600F09F4C /* AppDelegate.h */ = {isa = PBXFileReference; lastKnownFileType = sourcecode.c.h; path = AppDelegate.h; sourceTree = "<group>"; };
		DE0432901A35023600F09F4C /* AppDelegate.m */ = {isa = PBXFileReference; lastKnownFileType = sourcecode.c.objc; path = AppDelegate.m; sourceTree = "<group>"; };
		DE0432921A35023600F09F4C /* main.m */ = {isa = PBXFileReference; lastKnownFileType = sourcecode.c.objc; path = main.m; sourceTree = "<group>"; };
		DE0432941A35023600F09F4C /* CWMainViewController.h */ = {isa = PBXFileReference; lastKnownFileType = sourcecode.c.h; path = CWMainViewController.h; sourceTree = "<group>"; };
		DE0432951A35023600F09F4C /* CWMainViewController.m */ = {isa = PBXFileReference; lastKnownFileType = sourcecode.c.objc; path = CWMainViewController.m; sourceTree = "<group>"; };
		DE0432981A35023600F09F4C /* NLMC.xcdatamodel */ = {isa = PBXFileReference; lastKnownFileType = wrapper.xcdatamodel; path = NLMC.xcdatamodel; sourceTree = "<group>"; };
		DE04329D1A35023600F09F4C /* Base */ = {isa = PBXFileReference; lastKnownFileType = file.storyboard; name = Base; path = Base.lproj/Main.storyboard; sourceTree = "<group>"; };
		DE0432A31A35023600F09F4C /* NLMCTests.xctest */ = {isa = PBXFileReference; explicitFileType = wrapper.cfbundle; includeInIndex = 0; path = NLMCTests.xctest; sourceTree = BUILT_PRODUCTS_DIR; };
		DE0432A81A35023600F09F4C /* Info.plist */ = {isa = PBXFileReference; lastKnownFileType = text.plist.xml; path = Info.plist; sourceTree = "<group>"; };
		DE0432B71A35026200F09F4C /* CWNLMCFunctions.h */ = {isa = PBXFileReference; fileEncoding = 4; lastKnownFileType = sourcecode.c.h; path = CWNLMCFunctions.h; sourceTree = "<group>"; };
		DE0432B81A35026200F09F4C /* CWNLMCFunctions.m */ = {isa = PBXFileReference; fileEncoding = 4; lastKnownFileType = sourcecode.c.objc; path = CWNLMCFunctions.m; sourceTree = "<group>"; };
		DE0432BB1A35047200F09F4C /* CWFileUtilities.h */ = {isa = PBXFileReference; fileEncoding = 4; lastKnownFileType = sourcecode.c.h; path = CWFileUtilities.h; sourceTree = "<group>"; };
		DE0432BC1A35047200F09F4C /* CWFileUtilities.m */ = {isa = PBXFileReference; fileEncoding = 4; lastKnownFileType = sourcecode.c.objc; path = CWFileUtilities.m; sourceTree = "<group>"; };
		DE0432BF1A35C74D00F09F4C /* NSString+CSVUtils.h */ = {isa = PBXFileReference; fileEncoding = 4; lastKnownFileType = sourcecode.c.h; path = "NSString+CSVUtils.h"; sourceTree = "<group>"; };
		DE0432C01A35C74D00F09F4C /* NSString+CSVUtils.m */ = {isa = PBXFileReference; fileEncoding = 4; lastKnownFileType = sourcecode.c.objc; path = "NSString+CSVUtils.m"; sourceTree = "<group>"; };
		DE0432CE1A39AA0700F09F4C /* CWMainWindowController.h */ = {isa = PBXFileReference; fileEncoding = 4; lastKnownFileType = sourcecode.c.h; path = CWMainWindowController.h; sourceTree = "<group>"; };
		DE0432CF1A39AA0700F09F4C /* CWMainWindowController.m */ = {isa = PBXFileReference; fileEncoding = 4; lastKnownFileType = sourcecode.c.objc; path = CWMainWindowController.m; sourceTree = "<group>"; };
		DE0432E21A42328800F09F4C /* XXXProbeIOS.framework */ = {isa = PBXFileReference; lastKnownFileType = wrapper.framework; name = XXXProbeIOS.framework; path = "../../Downloads/iOSCoreDataTest-iOS8/iOSSQLiteCoreDataTest1111-iOS8/XXXProbeIOS.framework"; sourceTree = "<group>"; };
		DE1C08E31A5ABA320091705A /* CWRoundedTextFieldCell.h */ = {isa = PBXFileReference; fileEncoding = 4; lastKnownFileType = sourcecode.c.h; path = CWRoundedTextFieldCell.h; sourceTree = "<group>"; };
		DE1C08E41A5ABA320091705A /* CWRoundedTextFieldCell.m */ = {isa = PBXFileReference; fileEncoding = 4; lastKnownFileType = sourcecode.c.objc; path = CWRoundedTextFieldCell.m; sourceTree = "<group>"; };
		DE1C08EB1A5AE36A0091705A /* Images.xcassets */ = {isa = PBXFileReference; lastKnownFileType = folder.assetcatalog; path = Images.xcassets; sourceTree = "<group>"; };
		DE1C08FC1A5AE68D0091705A /* CWImportWindowController.h */ = {isa = PBXFileReference; fileEncoding = 4; lastKnownFileType = sourcecode.c.h; path = CWImportWindowController.h; sourceTree = "<group>"; };
		DE1C08FD1A5AE68D0091705A /* CWImportWindowController.m */ = {isa = PBXFileReference; fileEncoding = 4; lastKnownFileType = sourcecode.c.objc; path = CWImportWindowController.m; sourceTree = "<group>"; };
		DE1C08FE1A5AE68D0091705A /* CWImportWindowController.xib */ = {isa = PBXFileReference; fileEncoding = 4; lastKnownFileType = file.xib; path = CWImportWindowController.xib; sourceTree = "<group>"; };
		DE7B63111A4701CB00D6A0E1 /* CWNLMCEntityTest.m */ = {isa = PBXFileReference; fileEncoding = 4; lastKnownFileType = sourcecode.c.objc; path = CWNLMCEntityTest.m; sourceTree = "<group>"; };
		DE7B63131A52AC0400D6A0E1 /* CWCollectionMethodsTableViewDataSource.h */ = {isa = PBXFileReference; fileEncoding = 4; lastKnownFileType = sourcecode.c.h; path = CWCollectionMethodsTableViewDataSource.h; sourceTree = "<group>"; };
		DE7B63141A52AC0400D6A0E1 /* CWCollectionMethodsTableViewDataSource.m */ = {isa = PBXFileReference; fileEncoding = 4; lastKnownFileType = sourcecode.c.objc; path = CWCollectionMethodsTableViewDataSource.m; sourceTree = "<group>"; };
		DE7B631A1A52C94100D6A0E1 /* CWCollectionSpecimenDataSource.h */ = {isa = PBXFileReference; fileEncoding = 4; lastKnownFileType = sourcecode.c.h; path = CWCollectionSpecimenDataSource.h; sourceTree = "<group>"; };
		DE7B631B1A52C94100D6A0E1 /* CWCollectionSpecimenDataSource.m */ = {isa = PBXFileReference; fileEncoding = 4; lastKnownFileType = sourcecode.c.objc; path = CWCollectionSpecimenDataSource.m; sourceTree = "<group>"; };
		DEA102BC1A52F99B0057A30B /* NLMC_Live_Apr_2014_release4_0.xml */ = {isa = PBXFileReference; fileEncoding = 4; lastKnownFileType = text.xml; path = NLMC_Live_Apr_2014_release4_0.xml; sourceTree = "<group>"; };
		DEDDEF811A52FC5E00F6805D /* CWNLMCXMLParser.h */ = {isa = PBXFileReference; fileEncoding = 4; lastKnownFileType = sourcecode.c.h; path = CWNLMCXMLParser.h; sourceTree = "<group>"; };
		DEDDEF821A52FC5E00F6805D /* CWNLMCXMLParser.m */ = {isa = PBXFileReference; fileEncoding = 4; lastKnownFileType = sourcecode.c.objc; path = CWNLMCXMLParser.m; sourceTree = "<group>"; };
		DEDDEF851A542CE800F6805D /* CollectionSpecimen.h */ = {isa = PBXFileReference; fileEncoding = 4; lastKnownFileType = sourcecode.c.h; path = CollectionSpecimen.h; sourceTree = "<group>"; };
		DEDDEF861A542CE800F6805D /* CollectionSpecimen.m */ = {isa = PBXFileReference; fileEncoding = 4; lastKnownFileType = sourcecode.c.objc; path = CollectionSpecimen.m; sourceTree = "<group>"; };
		DEDDEF891A542CE800F6805D /* CollectionMethod.h */ = {isa = PBXFileReference; fileEncoding = 4; lastKnownFileType = sourcecode.c.h; path = CollectionMethod.h; sourceTree = "<group>"; };
		DEDDEF8A1A542CE800F6805D /* CollectionMethod.m */ = {isa = PBXFileReference; fileEncoding = 4; lastKnownFileType = sourcecode.c.objc; path = CollectionMethod.m; sourceTree = "<group>"; };
		DEDDEF911A5442F200F6805D /* NLMCTest.h */ = {isa = PBXFileReference; fileEncoding = 4; lastKnownFileType = sourcecode.c.h; path = NLMCTest.h; sourceTree = "<group>"; };
		DEDDEF921A5442F200F6805D /* NLMCTest.m */ = {isa = PBXFileReference; fileEncoding = 4; lastKnownFileType = sourcecode.c.objc; path = NLMCTest.m; sourceTree = "<group>"; };
		E4562A5AB38E92A1C4D20ECC /* Pods-NLMC.debug.xcconfig */ = {isa = PBXFileReference; includeInIndex = 1; lastKnownFileType = text.xcconfig; name = "Pods-NLMC.debug.xcconfig"; path = "Pods/Target Support Files/Pods-NLMC/Pods-NLMC.debug.xcconfig"; sourceTree = "<group>"; };
/* End PBXFileReference section */

/* Begin PBXFrameworksBuildPhase section */
		DE0432871A35023600F09F4C /* Frameworks */ = {
			isa = PBXFrameworksBuildPhase;
			buildActionMask = 2147483647;
			files = (
				B7725B4B8F68314C33112ACD /* libPods-NLMC.a in Frameworks */,
			);
			runOnlyForDeploymentPostprocessing = 0;
		};
		DE0432A01A35023600F09F4C /* Frameworks */ = {
			isa = PBXFrameworksBuildPhase;
			buildActionMask = 2147483647;
			files = (
				34633F5ACC4485EDD34AC31D /* libPods-NLMCTests.a in Frameworks */,
			);
			runOnlyForDeploymentPostprocessing = 0;
		};
/* End PBXFrameworksBuildPhase section */

/* Begin PBXGroup section */
		20156E8FF4B8C853AE48DF2C /* Frameworks */ = {
			isa = PBXGroup;
			children = (
				DE0432E21A42328800F09F4C /* XXXProbeIOS.framework */,
				69623F58BC2F08F44FD3115D /* libPods-NLMC.a */,
				B3AB85C48CA46A81E2EE9666 /* libPods-NLMCTests.a */,
			);
			name = Frameworks;
			sourceTree = "<group>";
		};
		DE0432811A35023600F09F4C = {
			isa = PBXGroup;
			children = (
				DE04328C1A35023600F09F4C /* NLMC */,
				DE0432A61A35023600F09F4C /* NLMCTests */,
				DE04328B1A35023600F09F4C /* Products */,
				FB21B19C0378A7019DB1FDA3 /* Pods */,
				20156E8FF4B8C853AE48DF2C /* Frameworks */,
			);
			sourceTree = "<group>";
		};
		DE04328B1A35023600F09F4C /* Products */ = {
			isa = PBXGroup;
			children = (
				DE04328A1A35023600F09F4C /* NLMC.app */,
				DE0432A31A35023600F09F4C /* NLMCTests.xctest */,
			);
			name = Products;
			sourceTree = "<group>";
		};
		DE04328C1A35023600F09F4C /* NLMC */ = {
			isa = PBXGroup;
			children = (
				DE0432C51A35D7E500F09F4C /* Controllers */,
				DE0432C41A35D7DD00F09F4C /* Views */,
				DE0432C31A35D7D500F09F4C /* Models */,
				DE04328F1A35023600F09F4C /* AppDelegate.h */,
				DE0432901A35023600F09F4C /* AppDelegate.m */,
				DE0432971A35023600F09F4C /* NLMC.xcdatamodeld */,
				DE04328D1A35023600F09F4C /* Supporting Files */,
				DEDDEF811A52FC5E00F6805D /* CWNLMCXMLParser.h */,
				DEDDEF821A52FC5E00F6805D /* CWNLMCXMLParser.m */,
			);
			path = NLMC;
			sourceTree = "<group>";
		};
		DE04328D1A35023600F09F4C /* Supporting Files */ = {
			isa = PBXGroup;
			children = (
				DE1C08EB1A5AE36A0091705A /* Images.xcassets */,
				DE04328E1A35023600F09F4C /* Info.plist */,
				DE0432921A35023600F09F4C /* main.m */,
			);
			name = "Supporting Files";
			sourceTree = "<group>";
		};
		DE0432A61A35023600F09F4C /* NLMCTests */ = {
			isa = PBXGroup;
			children = (
				DE0432A71A35023600F09F4C /* Supporting Files */,
				DE7B63111A4701CB00D6A0E1 /* CWNLMCEntityTest.m */,
			);
			path = NLMCTests;
			sourceTree = "<group>";
		};
		DE0432A71A35023600F09F4C /* Supporting Files */ = {
			isa = PBXGroup;
			children = (
				DEA102BC1A52F99B0057A30B /* NLMC_Live_Apr_2014_release4_0.xml */,
				DE0432A81A35023600F09F4C /* Info.plist */,
			);
			name = "Supporting Files";
			sourceTree = "<group>";
		};
		DE0432C31A35D7D500F09F4C /* Models */ = {
			isa = PBXGroup;
			children = (
				DEDDEF911A5442F200F6805D /* NLMCTest.h */,
				DEDDEF921A5442F200F6805D /* NLMCTest.m */,
				DEDDEF891A542CE800F6805D /* CollectionMethod.h */,
				DEDDEF8A1A542CE800F6805D /* CollectionMethod.m */,
				DEDDEF851A542CE800F6805D /* CollectionSpecimen.h */,
				DEDDEF861A542CE800F6805D /* CollectionSpecimen.m */,
				DE7B631A1A52C94100D6A0E1 /* CWCollectionSpecimenDataSource.h */,
				DE7B631B1A52C94100D6A0E1 /* CWCollectionSpecimenDataSource.m */,
				DE7B63131A52AC0400D6A0E1 /* CWCollectionMethodsTableViewDataSource.h */,
				DE7B63141A52AC0400D6A0E1 /* CWCollectionMethodsTableViewDataSource.m */,
				DE0432BF1A35C74D00F09F4C /* NSString+CSVUtils.h */,
				DE0432C01A35C74D00F09F4C /* NSString+CSVUtils.m */,
				DE0432BB1A35047200F09F4C /* CWFileUtilities.h */,
				DE0432BC1A35047200F09F4C /* CWFileUtilities.m */,
				DE0432B71A35026200F09F4C /* CWNLMCFunctions.h */,
				DE0432B81A35026200F09F4C /* CWNLMCFunctions.m */,
			);
			name = Models;
			sourceTree = "<group>";
		};
		DE0432C41A35D7DD00F09F4C /* Views */ = {
			isa = PBXGroup;
			children = (
				DE1C08E31A5ABA320091705A /* CWRoundedTextFieldCell.h */,
				DE1C08E41A5ABA320091705A /* CWRoundedTextFieldCell.m */,
				DE1C08FE1A5AE68D0091705A /* CWImportWindowController.xib */,
				DE04329C1A35023600F09F4C /* Main.storyboard */,
			);
			name = Views;
			sourceTree = "<group>";
		};
		DE0432C51A35D7E500F09F4C /* Controllers */ = {
			isa = PBXGroup;
			children = (
				DE0432941A35023600F09F4C /* CWMainViewController.h */,
				DE0432951A35023600F09F4C /* CWMainViewController.m */,
				DE0432CE1A39AA0700F09F4C /* CWMainWindowController.h */,
				DE0432CF1A39AA0700F09F4C /* CWMainWindowController.m */,
				DE1C08FC1A5AE68D0091705A /* CWImportWindowController.h */,
				DE1C08FD1A5AE68D0091705A /* CWImportWindowController.m */,
			);
			name = Controllers;
			sourceTree = "<group>";
		};
		FB21B19C0378A7019DB1FDA3 /* Pods */ = {
			isa = PBXGroup;
			children = (
				E4562A5AB38E92A1C4D20ECC /* Pods-NLMC.debug.xcconfig */,
				02A65C07B594197232ECEBE8 /* Pods-NLMC.release.xcconfig */,
				5FB01A7698DA3C5E339C466A /* Pods-NLMCTests.debug.xcconfig */,
				8F33A653EEAFBC40F6EA7FBF /* Pods-NLMCTests.release.xcconfig */,
			);
			name = Pods;
			sourceTree = "<group>";
		};
/* End PBXGroup section */

/* Begin PBXNativeTarget section */
		DE0432891A35023600F09F4C /* NLMC */ = {
			isa = PBXNativeTarget;
			buildConfigurationList = DE0432AD1A35023600F09F4C /* Build configuration list for PBXNativeTarget "NLMC" */;
			buildPhases = (
				8D6649F2953C2747B7E78CF1 /* Check Pods Manifest.lock */,
				DE0432861A35023600F09F4C /* Sources */,
				DE0432871A35023600F09F4C /* Frameworks */,
				DE0432881A35023600F09F4C /* Resources */,
				7F25F235FC0C2AF6DD145102 /* Copy Pods Resources */,
			);
			buildRules = (
			);
			dependencies = (
			);
			name = NLMC;
			productName = NLMC;
			productReference = DE04328A1A35023600F09F4C /* NLMC.app */;
			productType = "com.apple.product-type.application";
		};
		DE0432A21A35023600F09F4C /* NLMCTests */ = {
			isa = PBXNativeTarget;
			buildConfigurationList = DE0432B01A35023600F09F4C /* Build configuration list for PBXNativeTarget "NLMCTests" */;
			buildPhases = (
				0BE13839844E00BB8E17D99F /* Check Pods Manifest.lock */,
				DE04329F1A35023600F09F4C /* Sources */,
				DE0432A01A35023600F09F4C /* Frameworks */,
				DE0432A11A35023600F09F4C /* Resources */,
				4CF51BA527B9593BB453BC2C /* Copy Pods Resources */,
			);
			buildRules = (
			);
			dependencies = (
				DE0432A51A35023600F09F4C /* PBXTargetDependency */,
			);
			name = NLMCTests;
			productName = NLMCTests;
			productReference = DE0432A31A35023600F09F4C /* NLMCTests.xctest */;
			productType = "com.apple.product-type.bundle.unit-test";
		};
/* End PBXNativeTarget section */

/* Begin PBXProject section */
		DE0432821A35023600F09F4C /* Project object */ = {
			isa = PBXProject;
			attributes = {
				LastUpgradeCheck = 0610;
				ORGANIZATIONNAME = "Craig Webster";
				TargetAttributes = {
					DE0432891A35023600F09F4C = {
						CreatedOnToolsVersion = 6.1.1;
					};
					DE0432A21A35023600F09F4C = {
						CreatedOnToolsVersion = 6.1.1;
						TestTargetID = DE0432891A35023600F09F4C;
					};
				};
			};
			buildConfigurationList = DE0432851A35023600F09F4C /* Build configuration list for PBXProject "NLMC" */;
			compatibilityVersion = "Xcode 3.2";
			developmentRegion = English;
			hasScannedForEncodings = 0;
			knownRegions = (
				en,
				Base,
			);
			mainGroup = DE0432811A35023600F09F4C;
			productRefGroup = DE04328B1A35023600F09F4C /* Products */;
			projectDirPath = "";
			projectRoot = "";
			targets = (
				DE0432891A35023600F09F4C /* NLMC */,
				DE0432A21A35023600F09F4C /* NLMCTests */,
			);
		};
/* End PBXProject section */

/* Begin PBXResourcesBuildPhase section */
		DE0432881A35023600F09F4C /* Resources */ = {
			isa = PBXResourcesBuildPhase;
			buildActionMask = 2147483647;
			files = (
				DE1C08EC1A5AE36A0091705A /* Images.xcassets in Resources */,
				DEA102BD1A52F99B0057A30B /* NLMC_Live_Apr_2014_release4_0.xml in Resources */,
				DE1C09011A5AE68D0091705A /* CWImportWindowController.xib in Resources */,
				DE04329E1A35023600F09F4C /* Main.storyboard in Resources */,
			);
			runOnlyForDeploymentPostprocessing = 0;
		};
		DE0432A11A35023600F09F4C /* Resources */ = {
			isa = PBXResourcesBuildPhase;
			buildActionMask = 2147483647;
			files = (
				DEA102BE1A52F99B0057A30B /* NLMC_Live_Apr_2014_release4_0.xml in Resources */,
				DE1C09021A5AE68D0091705A /* CWImportWindowController.xib in Resources */,
				DE1C08ED1A5AE36A0091705A /* Images.xcassets in Resources */,
			);
			runOnlyForDeploymentPostprocessing = 0;
		};
/* End PBXResourcesBuildPhase section */

/* Begin PBXShellScriptBuildPhase section */
		0BE13839844E00BB8E17D99F /* Check Pods Manifest.lock */ = {
			isa = PBXShellScriptBuildPhase;
			buildActionMask = 2147483647;
			files = (
			);
			inputPaths = (
			);
			name = "Check Pods Manifest.lock";
			outputPaths = (
			);
			runOnlyForDeploymentPostprocessing = 0;
			shellPath = /bin/sh;
			shellScript = "diff \"${PODS_ROOT}/../Podfile.lock\" \"${PODS_ROOT}/Manifest.lock\" > /dev/null\nif [[ $? != 0 ]] ; then\n    cat << EOM\nerror: The sandbox is not in sync with the Podfile.lock. Run 'pod install' or update your CocoaPods installation.\nEOM\n    exit 1\nfi\n";
			showEnvVarsInLog = 0;
		};
		4CF51BA527B9593BB453BC2C /* Copy Pods Resources */ = {
			isa = PBXShellScriptBuildPhase;
			buildActionMask = 2147483647;
			files = (
			);
			inputPaths = (
			);
			name = "Copy Pods Resources";
			outputPaths = (
			);
			runOnlyForDeploymentPostprocessing = 0;
			shellPath = /bin/sh;
			shellScript = "\"${SRCROOT}/Pods/Target Support Files/Pods-NLMCTests/Pods-NLMCTests-resources.sh\"\n";
			showEnvVarsInLog = 0;
		};
		7F25F235FC0C2AF6DD145102 /* Copy Pods Resources */ = {
			isa = PBXShellScriptBuildPhase;
			buildActionMask = 2147483647;
			files = (
			);
			inputPaths = (
			);
			name = "Copy Pods Resources";
			outputPaths = (
			);
			runOnlyForDeploymentPostprocessing = 0;
			shellPath = /bin/sh;
			shellScript = "\"${SRCROOT}/Pods/Target Support Files/Pods-NLMC/Pods-NLMC-resources.sh\"\n";
			showEnvVarsInLog = 0;
		};
		8D6649F2953C2747B7E78CF1 /* Check Pods Manifest.lock */ = {
			isa = PBXShellScriptBuildPhase;
			buildActionMask = 2147483647;
			files = (
			);
			inputPaths = (
			);
			name = "Check Pods Manifest.lock";
			outputPaths = (
			);
			runOnlyForDeploymentPostprocessing = 0;
			shellPath = /bin/sh;
			shellScript = "diff \"${PODS_ROOT}/../Podfile.lock\" \"${PODS_ROOT}/Manifest.lock\" > /dev/null\nif [[ $? != 0 ]] ; then\n    cat << EOM\nerror: The sandbox is not in sync with the Podfile.lock. Run 'pod install' or update your CocoaPods installation.\nEOM\n    exit 1\nfi\n";
			showEnvVarsInLog = 0;
		};
/* End PBXShellScriptBuildPhase section */

/* Begin PBXSourcesBuildPhase section */
		DE0432861A35023600F09F4C /* Sources */ = {
			isa = PBXSourcesBuildPhase;
			buildActionMask = 2147483647;
			files = (
				DE0432BD1A35047200F09F4C /* CWFileUtilities.m in Sources */,
				DEDDEF931A5442F200F6805D /* NLMCTest.m in Sources */,
				DE0432961A35023600F09F4C /* CWMainViewController.m in Sources */,
				DE0432931A35023600F09F4C /* main.m in Sources */,
				DE0432911A35023600F09F4C /* AppDelegate.m in Sources */,
				DE0432B91A35026200F09F4C /* CWNLMCFunctions.m in Sources */,
				DE1C08FF1A5AE68D0091705A /* CWImportWindowController.m in Sources */,
				DE7B631C1A52C94100D6A0E1 /* CWCollectionSpecimenDataSource.m in Sources */,
				DEDDEF831A52FC5E00F6805D /* CWNLMCXMLParser.m in Sources */,
				DE7B63151A52AC0400D6A0E1 /* CWCollectionMethodsTableViewDataSource.m in Sources */,
				DE0432D01A39AA0700F09F4C /* CWMainWindowController.m in Sources */,
				DE0432C11A35C74D00F09F4C /* NSString+CSVUtils.m in Sources */,
				DE0432991A35023600F09F4C /* NLMC.xcdatamodeld in Sources */,
				DEDDEF8B1A542CE800F6805D /* CollectionMethod.m in Sources */,
				DEDDEF871A542CE800F6805D /* CollectionSpecimen.m in Sources */,
				DE1C08E51A5ABA320091705A /* CWRoundedTextFieldCell.m in Sources */,
			);
			runOnlyForDeploymentPostprocessing = 0;
		};
		DE04329F1A35023600F09F4C /* Sources */ = {
			isa = PBXSourcesBuildPhase;
			buildActionMask = 2147483647;
			files = (
				DE0432C21A35C74D00F09F4C /* NSString+CSVUtils.m in Sources */,
				DE0432BA1A35026200F09F4C /* CWNLMCFunctions.m in Sources */,
				DE0432D11A39AA0700F09F4C /* CWMainWindowController.m in Sources */,
				DE0432BE1A35047200F09F4C /* CWFileUtilities.m in Sources */,
				DE7B63121A4701CB00D6A0E1 /* CWNLMCEntityTest.m in Sources */,
				DEDDEF941A5442F200F6805D /* NLMCTest.m in Sources */,
				DEDDEF841A52FC5E00F6805D /* CWNLMCXMLParser.m in Sources */,
				DE7B631D1A52C94100D6A0E1 /* CWCollectionSpecimenDataSource.m in Sources */,
				DEDDEF881A542CE800F6805D /* CollectionSpecimen.m in Sources */,
				DEDDEF8C1A542CE800F6805D /* CollectionMethod.m in Sources */,
				DE1C09001A5AE68D0091705A /* CWImportWindowController.m in Sources */,
				DE1C08E61A5ABA320091705A /* CWRoundedTextFieldCell.m in Sources */,
			);
			runOnlyForDeploymentPostprocessing = 0;
		};
/* End PBXSourcesBuildPhase section */

/* Begin PBXTargetDependency section */
		DE0432A51A35023600F09F4C /* PBXTargetDependency */ = {
			isa = PBXTargetDependency;
			target = DE0432891A35023600F09F4C /* NLMC */;
			targetProxy = DE0432A41A35023600F09F4C /* PBXContainerItemProxy */;
		};
/* End PBXTargetDependency section */

/* Begin PBXVariantGroup section */
		DE04329C1A35023600F09F4C /* Main.storyboard */ = {
			isa = PBXVariantGroup;
			children = (
				DE04329D1A35023600F09F4C /* Base */,
			);
			name = Main.storyboard;
			sourceTree = "<group>";
		};
/* End PBXVariantGroup section */

/* Begin XCBuildConfiguration section */
		DE0432AB1A35023600F09F4C /* Debug */ = {
			isa = XCBuildConfiguration;
			buildSettings = {
				ALWAYS_SEARCH_USER_PATHS = NO;
				CLANG_CXX_LANGUAGE_STANDARD = "gnu++0x";
				CLANG_CXX_LIBRARY = "libc++";
				CLANG_ENABLE_MODULES = YES;
				CLANG_ENABLE_OBJC_ARC = YES;
				CLANG_WARN_BOOL_CONVERSION = YES;
				CLANG_WARN_CONSTANT_CONVERSION = YES;
				CLANG_WARN_DIRECT_OBJC_ISA_USAGE = YES_ERROR;
				CLANG_WARN_EMPTY_BODY = YES;
				CLANG_WARN_ENUM_CONVERSION = YES;
				CLANG_WARN_INT_CONVERSION = YES;
				CLANG_WARN_OBJC_ROOT_CLASS = YES_ERROR;
				CLANG_WARN_UNREACHABLE_CODE = YES;
				CLANG_WARN__DUPLICATE_METHOD_MATCH = YES;
				CODE_SIGN_IDENTITY = "-";
				COPY_PHASE_STRIP = NO;
				ENABLE_STRICT_OBJC_MSGSEND = YES;
				GCC_C_LANGUAGE_STANDARD = gnu99;
				GCC_DYNAMIC_NO_PIC = NO;
				GCC_OPTIMIZATION_LEVEL = 0;
				GCC_PREPROCESSOR_DEFINITIONS = (
					"DEBUG=1",
					"$(inherited)",
				);
				GCC_SYMBOLS_PRIVATE_EXTERN = NO;
				GCC_WARN_64_TO_32_BIT_CONVERSION = YES;
				GCC_WARN_ABOUT_RETURN_TYPE = YES_ERROR;
				GCC_WARN_UNDECLARED_SELECTOR = YES;
				GCC_WARN_UNINITIALIZED_AUTOS = YES_AGGRESSIVE;
				GCC_WARN_UNUSED_FUNCTION = YES;
				GCC_WARN_UNUSED_VARIABLE = YES;
				MACOSX_DEPLOYMENT_TARGET = 10.10;
				MTL_ENABLE_DEBUG_INFO = YES;
				ONLY_ACTIVE_ARCH = YES;
				SDKROOT = macosx;
			};
			name = Debug;
		};
		DE0432AC1A35023600F09F4C /* Release */ = {
			isa = XCBuildConfiguration;
			buildSettings = {
				ALWAYS_SEARCH_USER_PATHS = NO;
				CLANG_CXX_LANGUAGE_STANDARD = "gnu++0x";
				CLANG_CXX_LIBRARY = "libc++";
				CLANG_ENABLE_MODULES = YES;
				CLANG_ENABLE_OBJC_ARC = YES;
				CLANG_WARN_BOOL_CONVERSION = YES;
				CLANG_WARN_CONSTANT_CONVERSION = YES;
				CLANG_WARN_DIRECT_OBJC_ISA_USAGE = YES_ERROR;
				CLANG_WARN_EMPTY_BODY = YES;
				CLANG_WARN_ENUM_CONVERSION = YES;
				CLANG_WARN_INT_CONVERSION = YES;
				CLANG_WARN_OBJC_ROOT_CLASS = YES_ERROR;
				CLANG_WARN_UNREACHABLE_CODE = YES;
				CLANG_WARN__DUPLICATE_METHOD_MATCH = YES;
				CODE_SIGN_IDENTITY = "-";
				COPY_PHASE_STRIP = YES;
				DEBUG_INFORMATION_FORMAT = "dwarf-with-dsym";
				ENABLE_NS_ASSERTIONS = NO;
				ENABLE_STRICT_OBJC_MSGSEND = YES;
				GCC_C_LANGUAGE_STANDARD = gnu99;
				GCC_WARN_64_TO_32_BIT_CONVERSION = YES;
				GCC_WARN_ABOUT_RETURN_TYPE = YES_ERROR;
				GCC_WARN_UNDECLARED_SELECTOR = YES;
				GCC_WARN_UNINITIALIZED_AUTOS = YES_AGGRESSIVE;
				GCC_WARN_UNUSED_FUNCTION = YES;
				GCC_WARN_UNUSED_VARIABLE = YES;
				MACOSX_DEPLOYMENT_TARGET = 10.10;
				MTL_ENABLE_DEBUG_INFO = NO;
				SDKROOT = macosx;
			};
			name = Release;
		};
		DE0432AE1A35023600F09F4C /* Debug */ = {
			isa = XCBuildConfiguration;
			baseConfigurationReference = E4562A5AB38E92A1C4D20ECC /* Pods-NLMC.debug.xcconfig */;
			buildSettings = {
				ASSETCATALOG_COMPILER_APPICON_NAME = AppIcon;
				CLANG_ENABLE_MODULES = YES;
				COMBINE_HIDPI_IMAGES = YES;
				DEFINES_MODULE = YES;
				INFOPLIST_FILE = NLMC/Info.plist;
				LD_RUNPATH_SEARCH_PATHS = "$(inherited) @executable_path/../Frameworks";
				PRODUCT_NAME = "$(TARGET_NAME)";
				SWIFT_OBJC_BRIDGING_HEADER = "NLMC/NLMC-Bridging-Header.h";
				SWIFT_OPTIMIZATION_LEVEL = "-Onone";
			};
			name = Debug;
		};
		DE0432AF1A35023600F09F4C /* Release */ = {
			isa = XCBuildConfiguration;
			baseConfigurationReference = 02A65C07B594197232ECEBE8 /* Pods-NLMC.release.xcconfig */;
			buildSettings = {
				ASSETCATALOG_COMPILER_APPICON_NAME = AppIcon;
				CLANG_ENABLE_MODULES = YES;
				COMBINE_HIDPI_IMAGES = YES;
				DEFINES_MODULE = YES;
				INFOPLIST_FILE = NLMC/Info.plist;
				LD_RUNPATH_SEARCH_PATHS = "$(inherited) @executable_path/../Frameworks";
				PRODUCT_NAME = "$(TARGET_NAME)";
				SWIFT_OBJC_BRIDGING_HEADER = "NLMC/NLMC-Bridging-Header.h";
			};
			name = Release;
		};
		DE0432B11A35023600F09F4C /* Debug */ = {
			isa = XCBuildConfiguration;
			baseConfigurationReference = 5FB01A7698DA3C5E339C466A /* Pods-NLMCTests.debug.xcconfig */;
			buildSettings = {
				BUNDLE_LOADER = "$(TEST_HOST)";
				CLANG_ENABLE_MODULES = YES;
				COMBINE_HIDPI_IMAGES = YES;
				FRAMEWORK_SEARCH_PATHS = (
					"$(DEVELOPER_FRAMEWORKS_DIR)",
					"$(inherited)",
				);
				GCC_PREPROCESSOR_DEFINITIONS = (
					"DEBUG=1",
					"$(inherited)",
				);
				INFOPLIST_FILE = NLMCTests/Info.plist;
				LD_RUNPATH_SEARCH_PATHS = "$(inherited) @executable_path/../Frameworks @loader_path/../Frameworks";
				PRODUCT_NAME = "$(TARGET_NAME)";
				SWIFT_OBJC_BRIDGING_HEADER = "NLMC/NLMCTests-Bridging-Header.h";
				SWIFT_OPTIMIZATION_LEVEL = "-Onone";
				TEST_HOST = "$(BUILT_PRODUCTS_DIR)/NLMC.app/Contents/MacOS/NLMC";
			};
			name = Debug;
		};
		DE0432B21A35023600F09F4C /* Release */ = {
			isa = XCBuildConfiguration;
			baseConfigurationReference = 8F33A653EEAFBC40F6EA7FBF /* Pods-NLMCTests.release.xcconfig */;
			buildSettings = {
				BUNDLE_LOADER = "$(TEST_HOST)";
				CLANG_ENABLE_MODULES = YES;
				COMBINE_HIDPI_IMAGES = YES;
				FRAMEWORK_SEARCH_PATHS = (
					"$(DEVELOPER_FRAMEWORKS_DIR)",
					"$(inherited)",
				);
				INFOPLIST_FILE = NLMCTests/Info.plist;
				LD_RUNPATH_SEARCH_PATHS = "$(inherited) @executable_path/../Frameworks @loader_path/../Frameworks";
				PRODUCT_NAME = "$(TARGET_NAME)";
				SWIFT_OBJC_BRIDGING_HEADER = "NLMC/NLMCTests-Bridging-Header.h";
				TEST_HOST = "$(BUILT_PRODUCTS_DIR)/NLMC.app/Contents/MacOS/NLMC";
			};
			name = Release;
		};
/* End XCBuildConfiguration section */

/* Begin XCConfigurationList section */
		DE0432851A35023600F09F4C /* Build configuration list for PBXProject "NLMC" */ = {
			isa = XCConfigurationList;
			buildConfigurations = (
				DE0432AB1A35023600F09F4C /* Debug */,
				DE0432AC1A35023600F09F4C /* Release */,
			);
			defaultConfigurationIsVisible = 0;
			defaultConfigurationName = Release;
		};
		DE0432AD1A35023600F09F4C /* Build configuration list for PBXNativeTarget "NLMC" */ = {
			isa = XCConfigurationList;
			buildConfigurations = (
				DE0432AE1A35023600F09F4C /* Debug */,
				DE0432AF1A35023600F09F4C /* Release */,
			);
			defaultConfigurationIsVisible = 0;
			defaultConfigurationName = Release;
		};
		DE0432B01A35023600F09F4C /* Build configuration list for PBXNativeTarget "NLMCTests" */ = {
			isa = XCConfigurationList;
			buildConfigurations = (
				DE0432B11A35023600F09F4C /* Debug */,
				DE0432B21A35023600F09F4C /* Release */,
			);
			defaultConfigurationIsVisible = 0;
			defaultConfigurationName = Release;
		};
/* End XCConfigurationList section */

/* Begin XCVersionGroup section */
		DE0432971A35023600F09F4C /* NLMC.xcdatamodeld */ = {
			isa = XCVersionGroup;
			children = (
				DE0432981A35023600F09F4C /* NLMC.xcdatamodel */,
			);
			currentVersion = DE0432981A35023600F09F4C /* NLMC.xcdatamodel */;
			path = NLMC.xcdatamodeld;
			sourceTree = "<group>";
			versionGroupType = wrapper.xcdatamodel;
		};
/* End XCVersionGroup section */
	};
	rootObject = DE0432821A35023600F09F4C /* Project object */;
}
